{
    "_meta": {
        "hash": {
            "sha256": "2d68545b6609bfb3ce89dc6625714b199ca2284d78a76ba2c2e4ade3f95b4432"
        },
        "pipfile-spec": 6,
        "requires": {
            "python_version": "3.10"
        },
        "sources": [
            {
                "name": "pypi",
                "url": "https://pypi.org/simple",
                "verify_ssl": true
            }
        ]
    },
    "default": {
        "aiokafka": {
            "hashes": [
                "sha256:021e9f0027ca63c6c04daccfdd0e985f7a56d51bd0d43f482f674a58fada52f5",
                "sha256:0e9d61912678ecae6b3d407107c1a935f21d55af4585b70d8f5dcc39ecb949ce",
                "sha256:12457b59a06cff7369cace8d4460049b2ef2ab7f7cdc9c4924d577b9d4b48bf9",
                "sha256:1c3fd832a06fdd68e82f100fe678a800dd6dbf5e8db6af9521be333f965c325b",
                "sha256:23f1fbdf54790a3751216e33e62228c8e1eb7feebcb19ef532cd3e4f13ae51ce",
                "sha256:2567465ee6de4d248fc416f2eef7d33bbe246a79073410ae2368b5bdaeb758c1",
                "sha256:2760f095a8ffb5b9b97ad28a43a6a93f38d67cf3bc95b42e6b27462b614c8561",
                "sha256:4439a03820dc64a8c3aa5fe17809541e6a001f6f6196aad6b6b88e7ded2b5396",
                "sha256:49b30479f68ba9a484a0e3362fb9c48797d7320066db9fcd53e755451f389acb",
                "sha256:5202073bb8d2350b72805d45ff0125c800ed101506a4ba7be2f03ad1ba8ad1e6",
                "sha256:539d8584652e354e7f7bbaf8843e936d91bfc28e224a53a82e1bcb64ac7f6dda",
                "sha256:57aa55b48004da9bf5a5d37d3412c2d373b0bf32118bdc5c78cc5635998674cc",
                "sha256:5a8038698a47333cdb0cd198cb4b3ccd2fbbc86ba9a4b9afc3eebe6544db0c2f",
                "sha256:65e1d27a1c1cd38c66e0b22928af74b192f7598da9acd5bb939c6acea5bb5036",
                "sha256:6f50a940411ae6cd0d7bcaf2d821539e3a59b6de012f77de18a573565c9f638f",
                "sha256:7e292841beda7cfdcd6939aab6cc2a623acd3d655b166f7ff97c658f14ced8c5",
                "sha256:881209100355a92696c6501ba1c2b32127bb1f7f2f318b400b3973ab0b52efed",
                "sha256:8857cbd76e97186e54b98ebb3ea7778fb3618826bb9e4d01375bfab0a1d93d69",
                "sha256:9364eb81340b3a70a1222a4701c73a49ea0026a79bf138b4aec342f012d6f039",
                "sha256:95682f661f295fac2f5f3f0132aea7c44a1b6c92726161daa509af67ac506885",
                "sha256:9bf6d0da5804ae8888c357034d1a6750baa610999181e930678da0e87cec610d",
                "sha256:b36066df820e30f56386deb56d72efba287ba65419848888ea4b42f9e2741cff",
                "sha256:b86e3c1d649824103427c021593d75f44e01db1ffbc880b154e04098b534355f",
                "sha256:d459ab92a360cac240cf10b9ce88e64c1e41d942c7f63b1df6c2aafe27f946d0",
                "sha256:dea214c2588237cf0d404624ccd99f466a2e853ca22d7153bb680b2d3f25cdde",
                "sha256:dfb6dfef6c18726a783d102a6c1b0dfb6d43785a46ff34e967ddfa8f774532dd",
                "sha256:e005b53597fe9bc6681a2a3b50728d235cf2fb8801e52790678c691c85383565",
                "sha256:e07f07290a150552273c02bc5109d0a40bc0f32abc0ae5aeaa1e54fb86369251",
                "sha256:ec896d114be157a886e3227bbe3f00658dc4d6f17b203bc44075650817703f0b",
                "sha256:f0a216a27f05b050d5a5308fb3444014fa6bca5f0cd63468eaa169c5f19ea1dd",
                "sha256:f3f96301337fa7f7242f46651619b8e9e8fa8f23902dc11416fe764436d662d3"
            ],
            "index": "pypi",
            "version": "==0.8.0"
        },
        "async-timeout": {
            "hashes": [
                "sha256:2163e1640ddb52b7a8c80d0a67a08587e5d245cc9c553a74a847056bc2976b15",
                "sha256:8ca1e4fcf50d07413d66d1a5e416e42cfdf5851c981d679a09851a6853383b3c"
            ],
            "markers": "python_version >= '3.6'",
            "version": "==4.0.2"
        },
        "kafka-python": {
            "hashes": [
                "sha256:04dfe7fea2b63726cd6f3e79a2d86e709d608d74406638c5da33a01d45a9d7e3",
                "sha256:2d92418c7cb1c298fa6c7f0fb3519b520d0d7526ac6cb7ae2a4fc65a51a94b6e"
            ],
            "index": "pypi",
            "version": "==2.0.2"
        },
        "packaging": {
            "hashes": [
                "sha256:714ac14496c3e68c99c29b00845f7a2b85f3bb6f1078fd9f72fd20f0570002b2",
                "sha256:b6ad297f8907de0fa2fe1ccbd26fdaf387f5f47c7275fedf8cce89f99446cf97"
            ],
            "markers": "python_version >= '3.7'",
            "version": "==23.0"
        }
    },
    "develop": {}
}
